// !$*UTF8*$!
{
	archiveVersion = 1;
	classes = {
	};
	objectVersion = 46;
	objects = {

/* Begin PBXBuildFile section */
		8212C1549CC6406C9B6D7786 /* libPods.a in Frameworks */ = {isa = PBXBuildFile; fileRef = 20C94E9C7559425A80386E3B /* libPods.a */; };
		D21AAA3416FB31F1006B0BDE /* Settings.bundle in Resources */ = {isa = PBXBuildFile; fileRef = D21AAA3316FB31F1006B0BDE /* Settings.bundle */; };
		D272539B16F97805009B8508 /* Localizable.strings in Resources */ = {isa = PBXBuildFile; fileRef = D272539D16F97805009B8508 /* Localizable.strings */; };
		D27253A216F97B99009B8508 /* ZTCTaskViewController.m in Sources */ = {isa = PBXBuildFile; fileRef = D27253A116F97B99009B8508 /* ZTCTaskViewController.m */; };
		D27253B916F9F926009B8508 /* QuartzCore.framework in Frameworks */ = {isa = PBXBuildFile; fileRef = D27253B816F9F926009B8508 /* QuartzCore.framework */; };
		D27253BC16F9FA57009B8508 /* SystemConfiguration.framework in Frameworks */ = {isa = PBXBuildFile; fileRef = D27253BB16F9FA57009B8508 /* SystemConfiguration.framework */; };
		D27253BE16F9FA6C009B8508 /* MobileCoreServices.framework in Frameworks */ = {isa = PBXBuildFile; fileRef = D27253BD16F9FA6C009B8508 /* MobileCoreServices.framework */; };
		D28B102316FCA66600CB6794 /* ZTCUserSettingsViewController.m in Sources */ = {isa = PBXBuildFile; fileRef = D28B102216FCA66600CB6794 /* ZTCUserSettingsViewController.m */; };
		D29D2ABB16F5B20200BB556F /* UIKit.framework in Frameworks */ = {isa = PBXBuildFile; fileRef = D29D2ABA16F5B20200BB556F /* UIKit.framework */; };
		D29D2ABD16F5B20200BB556F /* Foundation.framework in Frameworks */ = {isa = PBXBuildFile; fileRef = D29D2ABC16F5B20200BB556F /* Foundation.framework */; };
		D29D2ABF16F5B20200BB556F /* CoreGraphics.framework in Frameworks */ = {isa = PBXBuildFile; fileRef = D29D2ABE16F5B20200BB556F /* CoreGraphics.framework */; };
		D29D2AC516F5B20200BB556F /* InfoPlist.strings in Resources */ = {isa = PBXBuildFile; fileRef = D29D2AC316F5B20200BB556F /* InfoPlist.strings */; };
		D29D2AC716F5B20200BB556F /* main.m in Sources */ = {isa = PBXBuildFile; fileRef = D29D2AC616F5B20200BB556F /* main.m */; };
		D29D2ACB16F5B20200BB556F /* ZTCAppDelegate.m in Sources */ = {isa = PBXBuildFile; fileRef = D29D2ACA16F5B20200BB556F /* ZTCAppDelegate.m */; };
		D2A3FE9D16F8020B00BBBFB3 /* ZTCAPIClient.m in Sources */ = {isa = PBXBuildFile; fileRef = D2A3FE9C16F8020B00BBBFB3 /* ZTCAPIClient.m */; };
		D2A568D116F89F4900C45346 /* ZTCTaskListViewController.m in Sources */ = {isa = PBXBuildFile; fileRef = D2A568D016F89F4900C45346 /* ZTCTaskListViewController.m */; };
		D2C6A08A17032C5200BF2244 /* ZTCNotice.m in Sources */ = {isa = PBXBuildFile; fileRef = D2C6A08917032C5200BF2244 /* ZTCNotice.m */; };
/* End PBXBuildFile section */

/* Begin PBXFileReference section */
		20C94E9C7559425A80386E3B /* libPods.a */ = {isa = PBXFileReference; explicitFileType = archive.ar; includeInIndex = 0; path = libPods.a; sourceTree = BUILT_PRODUCTS_DIR; };
		776B5121F3454DDC94F87A73 /* Pods.xcconfig */ = {isa = PBXFileReference; includeInIndex = 1; lastKnownFileType = text.xcconfig; name = Pods.xcconfig; path = Pods/Pods.xcconfig; sourceTree = SOURCE_ROOT; };
		D21AAA3316FB31F1006B0BDE /* Settings.bundle */ = {isa = PBXFileReference; lastKnownFileType = "wrapper.plug-in"; path = Settings.bundle; sourceTree = "<group>"; };
		D272539C16F97805009B8508 /* en */ = {isa = PBXFileReference; lastKnownFileType = text.plist.strings; name = en; path = en.lproj/Localizable.strings; sourceTree = "<group>"; };
		D272539E16F9785B009B8508 /* zh-Hans */ = {isa = PBXFileReference; lastKnownFileType = text.plist.strings; name = "zh-Hans"; path = "zh-Hans.lproj/Localizable.strings"; sourceTree = "<group>"; };
		D272539F16F9785B009B8508 /* zh-Hans */ = {isa = PBXFileReference; lastKnownFileType = text.plist.strings; name = "zh-Hans"; path = "zh-Hans.lproj/InfoPlist.strings"; sourceTree = "<group>"; };
		D27253A016F97B99009B8508 /* ZTCTaskViewController.h */ = {isa = PBXFileReference; fileEncoding = 4; lastKnownFileType = sourcecode.c.h; path = ZTCTaskViewController.h; sourceTree = "<group>"; };
		D27253A116F97B99009B8508 /* ZTCTaskViewController.m */ = {isa = PBXFileReference; fileEncoding = 4; lastKnownFileType = sourcecode.c.objc; path = ZTCTaskViewController.m; sourceTree = "<group>"; };
		D27253B816F9F926009B8508 /* QuartzCore.framework */ = {isa = PBXFileReference; lastKnownFileType = wrapper.framework; name = QuartzCore.framework; path = System/Library/Frameworks/QuartzCore.framework; sourceTree = SDKROOT; };
		D27253BB16F9FA57009B8508 /* SystemConfiguration.framework */ = {isa = PBXFileReference; lastKnownFileType = wrapper.framework; name = SystemConfiguration.framework; path = System/Library/Frameworks/SystemConfiguration.framework; sourceTree = SDKROOT; };
		D27253BD16F9FA6C009B8508 /* MobileCoreServices.framework */ = {isa = PBXFileReference; lastKnownFileType = wrapper.framework; name = MobileCoreServices.framework; path = System/Library/Frameworks/MobileCoreServices.framework; sourceTree = SDKROOT; };
		D28B102116FCA66600CB6794 /* ZTCUserSettingsViewController.h */ = {isa = PBXFileReference; fileEncoding = 4; lastKnownFileType = sourcecode.c.h; path = ZTCUserSettingsViewController.h; sourceTree = "<group>"; };
		D28B102216FCA66600CB6794 /* ZTCUserSettingsViewController.m */ = {isa = PBXFileReference; fileEncoding = 4; lastKnownFileType = sourcecode.c.objc; path = ZTCUserSettingsViewController.m; sourceTree = "<group>"; };
		D29D2AB616F5B20200BB556F /* ZenTao Client.app */ = {isa = PBXFileReference; explicitFileType = wrapper.application; includeInIndex = 0; path = "ZenTao Client.app"; sourceTree = BUILT_PRODUCTS_DIR; };
		D29D2ABA16F5B20200BB556F /* UIKit.framework */ = {isa = PBXFileReference; lastKnownFileType = wrapper.framework; name = UIKit.framework; path = System/Library/Frameworks/UIKit.framework; sourceTree = SDKROOT; };
		D29D2ABC16F5B20200BB556F /* Foundation.framework */ = {isa = PBXFileReference; lastKnownFileType = wrapper.framework; name = Foundation.framework; path = System/Library/Frameworks/Foundation.framework; sourceTree = SDKROOT; };
		D29D2ABE16F5B20200BB556F /* CoreGraphics.framework */ = {isa = PBXFileReference; lastKnownFileType = wrapper.framework; name = CoreGraphics.framework; path = System/Library/Frameworks/CoreGraphics.framework; sourceTree = SDKROOT; };
		D29D2AC216F5B20200BB556F /* ZenTao Client-Info.plist */ = {isa = PBXFileReference; lastKnownFileType = text.plist.xml; path = "ZenTao Client-Info.plist"; sourceTree = "<group>"; };
		D29D2AC416F5B20200BB556F /* en */ = {isa = PBXFileReference; lastKnownFileType = text.plist.strings; name = en; path = en.lproj/InfoPlist.strings; sourceTree = "<group>"; };
		D29D2AC616F5B20200BB556F /* main.m */ = {isa = PBXFileReference; lastKnownFileType = sourcecode.c.objc; path = main.m; sourceTree = "<group>"; };
		D29D2AC816F5B20200BB556F /* ZenTao Client-Prefix.pch */ = {isa = PBXFileReference; lastKnownFileType = sourcecode.c.h; path = "ZenTao Client-Prefix.pch"; sourceTree = "<group>"; };
		D29D2AC916F5B20200BB556F /* ZTCAppDelegate.h */ = {isa = PBXFileReference; lastKnownFileType = sourcecode.c.h; path = ZTCAppDelegate.h; sourceTree = "<group>"; };
		D29D2ACA16F5B20200BB556F /* ZTCAppDelegate.m */ = {isa = PBXFileReference; lastKnownFileType = sourcecode.c.objc; path = ZTCAppDelegate.m; sourceTree = "<group>"; };
		D2A3FE9B16F8020A00BBBFB3 /* ZTCAPIClient.h */ = {isa = PBXFileReference; fileEncoding = 4; lastKnownFileType = sourcecode.c.h; path = ZTCAPIClient.h; sourceTree = "<group>"; };
		D2A3FE9C16F8020B00BBBFB3 /* ZTCAPIClient.m */ = {isa = PBXFileReference; fileEncoding = 4; lastKnownFileType = sourcecode.c.objc; path = ZTCAPIClient.m; sourceTree = "<group>"; };
		D2A568CF16F89F4900C45346 /* ZTCTaskListViewController.h */ = {isa = PBXFileReference; fileEncoding = 4; lastKnownFileType = sourcecode.c.h; path = ZTCTaskListViewController.h; sourceTree = "<group>"; };
		D2A568D016F89F4900C45346 /* ZTCTaskListViewController.m */ = {isa = PBXFileReference; fileEncoding = 4; lastKnownFileType = sourcecode.c.objc; path = ZTCTaskListViewController.m; sourceTree = "<group>"; };
		D2C6A08817032C5200BF2244 /* ZTCNotice.h */ = {isa = PBXFileReference; fileEncoding = 4; lastKnownFileType = sourcecode.c.h; path = ZTCNotice.h; sourceTree = "<group>"; };
		D2C6A08917032C5200BF2244 /* ZTCNotice.m */ = {isa = PBXFileReference; fileEncoding = 4; lastKnownFileType = sourcecode.c.objc; path = ZTCNotice.m; sourceTree = "<group>"; };
/* End PBXFileReference section */

/* Begin PBXFrameworksBuildPhase section */
		D29D2AB316F5B20200BB556F /* Frameworks */ = {
			isa = PBXFrameworksBuildPhase;
			buildActionMask = 2147483647;
			files = (
				D27253BE16F9FA6C009B8508 /* MobileCoreServices.framework in Frameworks */,
				D27253BC16F9FA57009B8508 /* SystemConfiguration.framework in Frameworks */,
				D27253B916F9F926009B8508 /* QuartzCore.framework in Frameworks */,
				D29D2ABB16F5B20200BB556F /* UIKit.framework in Frameworks */,
				D29D2ABD16F5B20200BB556F /* Foundation.framework in Frameworks */,
				D29D2ABF16F5B20200BB556F /* CoreGraphics.framework in Frameworks */,
				8212C1549CC6406C9B6D7786 /* libPods.a in Frameworks */,
			);
			runOnlyForDeploymentPostprocessing = 0;
		};
/* End PBXFrameworksBuildPhase section */

/* Begin PBXGroup section */
		D29D2AAB16F5B20200BB556F = {
			isa = PBXGroup;
			children = (
				D29D2AC016F5B20200BB556F /* ZenTao Client */,
				D29D2AB916F5B20200BB556F /* Frameworks */,
				D29D2AB716F5B20200BB556F /* Products */,
				776B5121F3454DDC94F87A73 /* Pods.xcconfig */,
			);
			sourceTree = "<group>";
		};
		D29D2AB716F5B20200BB556F /* Products */ = {
			isa = PBXGroup;
			children = (
				D29D2AB616F5B20200BB556F /* ZenTao Client.app */,
			);
			name = Products;
			sourceTree = "<group>";
		};
		D29D2AB916F5B20200BB556F /* Frameworks */ = {
			isa = PBXGroup;
			children = (
				D27253BD16F9FA6C009B8508 /* MobileCoreServices.framework */,
				D27253BB16F9FA57009B8508 /* SystemConfiguration.framework */,
				D27253B816F9F926009B8508 /* QuartzCore.framework */,
				D29D2ABA16F5B20200BB556F /* UIKit.framework */,
				D29D2ABC16F5B20200BB556F /* Foundation.framework */,
				D29D2ABE16F5B20200BB556F /* CoreGraphics.framework */,
				20C94E9C7559425A80386E3B /* libPods.a */,
			);
			name = Frameworks;
			sourceTree = "<group>";
		};
		D29D2AC016F5B20200BB556F /* ZenTao Client */ = {
			isa = PBXGroup;
			children = (
				D29D2AC916F5B20200BB556F /* ZTCAppDelegate.h */,
				D29D2ACA16F5B20200BB556F /* ZTCAppDelegate.m */,
				D2A3FE9B16F8020A00BBBFB3 /* ZTCAPIClient.h */,
				D2A3FE9C16F8020B00BBBFB3 /* ZTCAPIClient.m */,
				D2C6A08817032C5200BF2244 /* ZTCNotice.h */,
				D2C6A08917032C5200BF2244 /* ZTCNotice.m */,
				D28B102116FCA66600CB6794 /* ZTCUserSettingsViewController.h */,
				D28B102216FCA66600CB6794 /* ZTCUserSettingsViewController.m */,
				D2A568CF16F89F4900C45346 /* ZTCTaskListViewController.h */,
				D2A568D016F89F4900C45346 /* ZTCTaskListViewController.m */,
				D27253A016F97B99009B8508 /* ZTCTaskViewController.h */,
				D27253A116F97B99009B8508 /* ZTCTaskViewController.m */,
				D29D2AC116F5B20200BB556F /* Supporting Files */,
			);
			path = "ZenTao Client";
			sourceTree = "<group>";
		};
		D29D2AC116F5B20200BB556F /* Supporting Files */ = {
			isa = PBXGroup;
			children = (
				D21AAA3316FB31F1006B0BDE /* Settings.bundle */,
				D272539D16F97805009B8508 /* Localizable.strings */,
				D29D2AC216F5B20200BB556F /* ZenTao Client-Info.plist */,
				D29D2AC316F5B20200BB556F /* InfoPlist.strings */,
				D29D2AC616F5B20200BB556F /* main.m */,
				D29D2AC816F5B20200BB556F /* ZenTao Client-Prefix.pch */,
			);
			name = "Supporting Files";
			sourceTree = "<group>";
		};
/* End PBXGroup section */

/* Begin PBXNativeTarget section */
		D29D2AB516F5B20200BB556F /* ZenTao Client */ = {
			isa = PBXNativeTarget;
			buildConfigurationList = D29D2ACE16F5B20200BB556F /* Build configuration list for PBXNativeTarget "ZenTao Client" */;
			buildPhases = (
				D29D2AB216F5B20200BB556F /* Sources */,
				D29D2AB316F5B20200BB556F /* Frameworks */,
				D2DE842F1706FA5D001D6A85 /* ShellScript */,
				D29D2AB416F5B20200BB556F /* Resources */,
				55FA77CD3CDD40AFB2546FE5 /* Copy Pods Resources */,
			);
			buildRules = (
			);
			dependencies = (
			);
			name = "ZenTao Client";
			productName = "ZenTao Client";
			productReference = D29D2AB616F5B20200BB556F /* ZenTao Client.app */;
			productType = "com.apple.product-type.application";
		};
/* End PBXNativeTarget section */

/* Begin PBXProject section */
		D29D2AAD16F5B20200BB556F /* Project object */ = {
			isa = PBXProject;
			attributes = {
				CLASSPREFIX = ZTC;
				LastUpgradeCheck = 0460;
				ORGANIZATIONNAME = "Puttin Wong";
			};
			buildConfigurationList = D29D2AB016F5B20200BB556F /* Build configuration list for PBXProject "ZenTao Client" */;
			compatibilityVersion = "Xcode 3.2";
			developmentRegion = English;
			hasScannedForEncodings = 0;
			knownRegions = (
				en,
			);
			mainGroup = D29D2AAB16F5B20200BB556F;
			productRefGroup = D29D2AB716F5B20200BB556F /* Products */;
			projectDirPath = "";
			projectRoot = "";
			targets = (
				D29D2AB516F5B20200BB556F /* ZenTao Client */,
			);
		};
/* End PBXProject section */

/* Begin PBXResourcesBuildPhase section */
		D29D2AB416F5B20200BB556F /* Resources */ = {
			isa = PBXResourcesBuildPhase;
			buildActionMask = 2147483647;
			files = (
				D29D2AC516F5B20200BB556F /* InfoPlist.strings in Resources */,
				D272539B16F97805009B8508 /* Localizable.strings in Resources */,
				D21AAA3416FB31F1006B0BDE /* Settings.bundle in Resources */,
			);
			runOnlyForDeploymentPostprocessing = 0;
		};
/* End PBXResourcesBuildPhase section */

/* Begin PBXShellScriptBuildPhase section */
		55FA77CD3CDD40AFB2546FE5 /* Copy Pods Resources */ = {
			isa = PBXShellScriptBuildPhase;
			buildActionMask = 2147483647;
			files = (
			);
			inputPaths = (
			);
			name = "Copy Pods Resources";
			outputPaths = (
			);
			runOnlyForDeploymentPostprocessing = 0;
			shellPath = /bin/sh;
			shellScript = "\"${SRCROOT}/Pods/Pods-resources.sh\"\n";
		};
		D2DE842F1706FA5D001D6A85 /* ShellScript */ = {
			isa = PBXShellScriptBuildPhase;
			buildActionMask = 2147483647;
			files = (
			);
			inputPaths = (
			);
			outputPaths = (
			);
			runOnlyForDeploymentPostprocessing = 0;
			shellPath = /bin/sh;
			shellScript = "#!/bin/bash\nbuildNumber=$(/usr/libexec/PlistBuddy -c \"Print CFBundleVersion\" \"$INFOPLIST_FILE\")\nbuildNumber=$(($buildNumber + 1))\n/usr/libexec/PlistBuddy -c \"Set :CFBundleVersion $buildNumber\" \"$INFOPLIST_FILE\"";
		};
/* End PBXShellScriptBuildPhase section */

/* Begin PBXSourcesBuildPhase section */
		D29D2AB216F5B20200BB556F /* Sources */ = {
			isa = PBXSourcesBuildPhase;
			buildActionMask = 2147483647;
			files = (
				D29D2AC716F5B20200BB556F /* main.m in Sources */,
				D29D2ACB16F5B20200BB556F /* ZTCAppDelegate.m in Sources */,
				D2A3FE9D16F8020B00BBBFB3 /* ZTCAPIClient.m in Sources */,
				D2A568D116F89F4900C45346 /* ZTCTaskListViewController.m in Sources */,
				D27253A216F97B99009B8508 /* ZTCTaskViewController.m in Sources */,
				D28B102316FCA66600CB6794 /* ZTCUserSettingsViewController.m in Sources */,
				D2C6A08A17032C5200BF2244 /* ZTCNotice.m in Sources */,
			);
			runOnlyForDeploymentPostprocessing = 0;
		};
/* End PBXSourcesBuildPhase section */

/* Begin PBXVariantGroup section */
		D272539D16F97805009B8508 /* Localizable.strings */ = {
			isa = PBXVariantGroup;
			children = (
				D272539C16F97805009B8508 /* en */,
				D272539E16F9785B009B8508 /* zh-Hans */,
			);
			name = Localizable.strings;
			sourceTree = "<group>";
		};
		D29D2AC316F5B20200BB556F /* InfoPlist.strings */ = {
			isa = PBXVariantGroup;
			children = (
				D29D2AC416F5B20200BB556F /* en */,
				D272539F16F9785B009B8508 /* zh-Hans */,
			);
			name = InfoPlist.strings;
			sourceTree = "<group>";
		};
/* End PBXVariantGroup section */

/* Begin XCBuildConfiguration section */
		D29D2ACC16F5B20200BB556F /* Debug */ = {
			isa = XCBuildConfiguration;
			buildSettings = {
				ALWAYS_SEARCH_USER_PATHS = NO;
				ARCHS = "$(ARCHS_STANDARD_32_BIT)";
				CLANG_CXX_LANGUAGE_STANDARD = "gnu++0x";
				CLANG_ENABLE_OBJC_ARC = YES;
				CLANG_WARN_CONSTANT_CONVERSION = YES;
				CLANG_WARN_ENUM_CONVERSION = YES;
				CLANG_WARN_INT_CONVERSION = YES;
				CLANG_WARN__DUPLICATE_METHOD_MATCH = YES;
				"CODE_SIGN_IDENTITY[sdk=iphoneos*]" = "iPhone Developer";
				COPY_PHASE_STRIP = NO;
				GCC_C_LANGUAGE_STANDARD = gnu99;
				GCC_DYNAMIC_NO_PIC = NO;
				GCC_OPTIMIZATION_LEVEL = 0;
				GCC_PREPROCESSOR_DEFINITIONS = (
					"DEBUG=1",
					"$(inherited)",
				);
				GCC_SYMBOLS_PRIVATE_EXTERN = NO;
				GCC_VERSION = com.apple.compilers.llvm.clang.1_0;
				GCC_WARN_ABOUT_RETURN_TYPE = YES;
				GCC_WARN_UNINITIALIZED_AUTOS = YES;
				GCC_WARN_UNUSED_VARIABLE = YES;
				IPHONEOS_DEPLOYMENT_TARGET = 4.3;
				SDKROOT = iphoneos;
				TARGETED_DEVICE_FAMILY = "1,2";
			};
			name = Debug;
		};
		D29D2ACD16F5B20200BB556F /* Release */ = {
			isa = XCBuildConfiguration;
			buildSettings = {
				ALWAYS_SEARCH_USER_PATHS = NO;
				ARCHS = "$(ARCHS_STANDARD_32_BIT)";
				CLANG_CXX_LANGUAGE_STANDARD = "gnu++0x";
				CLANG_ENABLE_OBJC_ARC = YES;
				CLANG_WARN_CONSTANT_CONVERSION = YES;
				CLANG_WARN_ENUM_CONVERSION = YES;
				CLANG_WARN_INT_CONVERSION = YES;
				CLANG_WARN__DUPLICATE_METHOD_MATCH = YES;
				"CODE_SIGN_IDENTITY[sdk=iphoneos*]" = "iPhone Developer";
				COPY_PHASE_STRIP = YES;
				GCC_C_LANGUAGE_STANDARD = gnu99;
				GCC_VERSION = com.apple.compilers.llvm.clang.1_0;
				GCC_WARN_ABOUT_RETURN_TYPE = YES;
				GCC_WARN_UNINITIALIZED_AUTOS = YES;
				GCC_WARN_UNUSED_VARIABLE = YES;
				IPHONEOS_DEPLOYMENT_TARGET = 4.3;
				OTHER_CFLAGS = "-DNS_BLOCK_ASSERTIONS=1";
				SDKROOT = iphoneos;
				TARGETED_DEVICE_FAMILY = "1,2";
				VALIDATE_PRODUCT = YES;
			};
			name = Release;
		};
		D29D2ACF16F5B20200BB556F /* Debug */ = {
			isa = XCBuildConfiguration;
			baseConfigurationReference = 776B5121F3454DDC94F87A73 /* Pods.xcconfig */;
			buildSettings = {
				GCC_PRECOMPILE_PREFIX_HEADER = YES;
				GCC_PREFIX_HEADER = "ZenTao Client/ZenTao Client-Prefix.pch";
				INFOPLIST_FILE = "ZenTao Client/ZenTao Client-Info.plist";
				IPHONEOS_DEPLOYMENT_TARGET = 4.3;
				PRODUCT_NAME = "$(TARGET_NAME)";
				WRAPPER_EXTENSION = app;
			};
			name = Debug;
		};
		D29D2AD016F5B20200BB556F /* Release */ = {
			isa = XCBuildConfiguration;
			baseConfigurationReference = 776B5121F3454DDC94F87A73 /* Pods.xcconfig */;
			buildSettings = {
				GCC_PRECOMPILE_PREFIX_HEADER = YES;
				GCC_PREFIX_HEADER = "ZenTao Client/ZenTao Client-Prefix.pch";
				INFOPLIST_FILE = "ZenTao Client/ZenTao Client-Info.plist";
				IPHONEOS_DEPLOYMENT_TARGET = 4.3;
				PRODUCT_NAME = "$(TARGET_NAME)";
				WRAPPER_EXTENSION = app;
			};
			name = Release;
		};
/* End XCBuildConfiguration section */

/* Begin XCConfigurationList section */
		D29D2AB016F5B20200BB556F /* Build configuration list for PBXProject "ZenTao Client" */ = {
			isa = XCConfigurationList;
			buildConfigurations = (
				D29D2ACC16F5B20200BB556F /* Debug */,
				D29D2ACD16F5B20200BB556F /* Release */,
			);
			defaultConfigurationIsVisible = 0;
			defaultConfigurationName = Release;
		};
		D29D2ACE16F5B20200BB556F /* Build configuration list for PBXNativeTarget "ZenTao Client" */ = {
			isa = XCConfigurationList;
			buildConfigurations = (
				D29D2ACF16F5B20200BB556F /* Debug */,
				D29D2AD016F5B20200BB556F /* Release */,
			);
			defaultConfigurationIsVisible = 0;
			defaultConfigurationName = Release;
		};
/* End XCConfigurationList section */
	};
	rootObject = D29D2AAD16F5B20200BB556F /* Project object */;
}
